
Microsoft Visual Studio Solution File, Format Version 12.00
# Visual Studio Version 16
VisualStudioVersion = 16.0.30907.101
MinimumVisualStudioVersion = 10.0.40219.1
Project("{FAE04EC0-301F-11D3-BF4B-00C04F79EFBC}") = "ClassMethodDemo", "ClassMethodDemo\ClassMethodDemo.csproj", "{3EDF6C06-BB22-43A8-82CE-35034CD2C2B0}"
EndProject
Global
	GlobalSection(SolutionConfigurationPlatforms) = preSolution
		Debug|Any CPU = Debug|Any CPU
		Release|Any CPU = Release|Any CPU
	EndGlobalSection
	GlobalSection(ProjectConfigurationPlatforms) = postSolution
		{3EDF6C06-BB22-43A8-82CE-35034CD2C2B0}.Debug|Any CPU.ActiveCfg = Debug|Any CPU
		{3EDF6C06-BB22-43A8-82CE-35034CD2C2B0}.Debug|Any CPU.Build.0 = Debug|Any CPU
		{3EDF6C06-BB22-43A8-82CE-35034CD2C2B0}.Release|Any CPU.ActiveCfg = Release|Any CPU
		{3EDF6C06-BB22-43A8-82CE-35034CD2C2B0}.Release|Any CPU.Build.0 = Release|Any CPU
	EndGlobalSection
	GlobalSection(SolutionProperties) = preSolution
		HideSolutionNode = FALSE
	EndGlobalSection
	GlobalSection(ExtensibilityGlobals) = postSolution
		SolutionGuid = {1A591713-FD4F-4AD0-875F-DD0B7C57B6E4}
	EndGlobalSection
EndGlobal
